{
  "nodes": {
    "home-manager-l211008a": {
      "inputs": {
        "nixpkgs": "nixpkgs"
      },
      "locked": {
        "lastModified": 1702195668,
        "narHash": "sha256-Lxmjez0nfNBptdqV5GsXKm7Bb7swjGsrxiLxWJu0tL8=",
        "owner": "nix-community",
        "repo": "home-manager",
        "rev": "33110fb3c7fe6a94b98b641866a5eddb64b7c23f",
        "type": "github"
      },
      "original": {
        "owner": "nix-community",
        "ref": "release-23.05",
        "repo": "home-manager",
        "type": "github"
      }
    },
    "home-manager-l231028a": {
      "inputs": {
        "nixpkgs": "nixpkgs_2"
      },
      "locked": {
        "lastModified": 1717527182,
        "narHash": "sha256-vWSkg6AMok1UUQiSYVdGMOXKD2cDFnajITiSi0Zjd1A=",
        "owner": "nix-community",
        "repo": "home-manager",
        "rev": "845a5c4c073f74105022533907703441e0464bc3",
        "type": "github"
      },
      "original": {
        "owner": "nix-community",
        "ref": "release-24.05",
        "repo": "home-manager",
        "type": "github"
      }
    },
    "nixpkgs": {
      "locked": {
        "lastModified": 1687466461,
        "narHash": "sha256-oupXI7g7RPzlpGUfAu1xG4KBK53GrZH8/xeKgKDB4+Q=",
        "owner": "nixos",
        "repo": "nixpkgs",
        "rev": "ecb441f22067ba1d6312f4932a7c64efa8d19a7b",
        "type": "github"
      },
      "original": {
        "owner": "nixos",
        "ref": "nixos-23.05",
        "repo": "nixpkgs",
        "type": "github"
      }
    },
    "nixpkgs-for-doublecmd-l211008a": {
      "locked": {
        "lastModified": 1704290814,
        "narHash": "sha256-LWvKHp7kGxk/GEtlrGYV68qIvPHkU9iToomNFGagixU=",
        "owner": "nixos",
        "repo": "nixpkgs",
        "rev": "70bdadeb94ffc8806c0570eb5c2695ad29f0e421",
        "type": "github"
      },
      "original": {
        "owner": "nixos",
        "ref": "nixos-23.05",
        "repo": "nixpkgs",
        "type": "github"
      }
    },
    "nixpkgs-for-doublecmd-l231028a": {
      "locked": {
        "lastModified": 1718086528,
        "narHash": "sha256-hoB7B7oPgypePz16cKWawPfhVvMSXj4G/qLsfFuhFjw=",
        "owner": "nixos",
        "repo": "nixpkgs",
        "rev": "47b604b07d1e8146d5398b42d3306fdebd343986",
        "type": "github"
      },
      "original": {
        "owner": "nixos",
        "ref": "nixos-24.05",
        "repo": "nixpkgs",
        "type": "github"
      }
    },
    "nixpkgs-for-lib": {
      "locked": {
        "lastModified": 1718086528,
        "narHash": "sha256-hoB7B7oPgypePz16cKWawPfhVvMSXj4G/qLsfFuhFjw=",
        "owner": "NixOS",
        "repo": "nixpkgs",
        "rev": "47b604b07d1e8146d5398b42d3306fdebd343986",
        "type": "github"
      },
      "original": {
        "owner": "NixOS",
        "ref": "nixos-24.05",
        "repo": "nixpkgs",
        "type": "github"
      }
    },
    "nixpkgs-for-nixos-l211008a": {
      "locked": {
        "lastModified": 1703034876,
        "narHash": "sha256-4bMPFv/bs5g1nEsXQwXlrAGJgjv1Ilr0ejdaTkBwQLs=",
        "owner": "nixos",
        "repo": "nixpkgs",
        "rev": "312ab59e8ade69e6083017bd9b98a2919f1fb86a",
        "type": "github"
      },
      "original": {
        "owner": "nixos",
        "ref": "nixos-23.05",
        "repo": "nixpkgs",
        "type": "github"
      }
    },
    "nixpkgs-for-nixos-l231028a": {
      "locked": {
        "lastModified": 1718086528,
        "narHash": "sha256-hoB7B7oPgypePz16cKWawPfhVvMSXj4G/qLsfFuhFjw=",
        "owner": "nixos",
        "repo": "nixpkgs",
        "rev": "47b604b07d1e8146d5398b42d3306fdebd343986",
        "type": "github"
      },
      "original": {
        "owner": "nixos",
        "ref": "nixos-24.05",
        "repo": "nixpkgs",
        "type": "github"
      }
    },
    "nixpkgs-for-rider-l211008a": {
      "locked": {
        "lastModified": 1703034876,
        "narHash": "sha256-4bMPFv/bs5g1nEsXQwXlrAGJgjv1Ilr0ejdaTkBwQLs=",
        "owner": "nixos",
        "repo": "nixpkgs",
        "rev": "312ab59e8ade69e6083017bd9b98a2919f1fb86a",
        "type": "github"
      },
      "original": {
        "owner": "nixos",
        "ref": "nixos-23.05",
        "repo": "nixpkgs",
        "type": "github"
      }
    },
    "nixpkgs-for-rider-l231028a": {
      "locked": {
        "lastModified": 1718086528,
        "narHash": "sha256-hoB7B7oPgypePz16cKWawPfhVvMSXj4G/qLsfFuhFjw=",
        "owner": "nixos",
        "repo": "nixpkgs",
        "rev": "47b604b07d1e8146d5398b42d3306fdebd343986",
        "type": "github"
      },
      "original": {
        "owner": "nixos",
        "ref": "nixos-24.05",
        "repo": "nixpkgs",
        "type": "github"
      }
    },
    "nixpkgs-from-stable-l211008a": {
      "locked": {
        "lastModified": 1703034876,
        "narHash": "sha256-4bMPFv/bs5g1nEsXQwXlrAGJgjv1Ilr0ejdaTkBwQLs=",
        "owner": "NixOS",
        "repo": "nixpkgs",
        "rev": "312ab59e8ade69e6083017bd9b98a2919f1fb86a",
        "type": "github"
      },
      "original": {
        "owner": "NixOS",
        "ref": "nixos-23.05",
        "repo": "nixpkgs",
        "type": "github"
      }
    },
    "nixpkgs-from-stable-l231028a": {
      "locked": {
        "lastModified": 1718086528,
        "narHash": "sha256-hoB7B7oPgypePz16cKWawPfhVvMSXj4G/qLsfFuhFjw=",
        "owner": "NixOS",
        "repo": "nixpkgs",
        "rev": "47b604b07d1e8146d5398b42d3306fdebd343986",
        "type": "github"
      },
      "original": {
        "owner": "NixOS",
        "ref": "nixos-24.05",
        "repo": "nixpkgs",
        "type": "github"
      }
    },
    "nixpkgs-from-unstable-l211008a": {
      "locked": {
        "lastModified": 1703013332,
        "narHash": "sha256-+tFNwMvlXLbJZXiMHqYq77z/RfmpfpiI3yjL6o/Zo9M=",
        "owner": "nixos",
        "repo": "nixpkgs",
        "rev": "54aac082a4d9bb5bbc5c4e899603abfb76a3f6d6",
        "type": "github"
      },
      "original": {
        "owner": "nixos",
        "ref": "nixos-unstable",
        "repo": "nixpkgs",
        "type": "github"
      }
    },
    "nixpkgs-from-unstable-l231028a": {
      "locked": {
        "lastModified": 1711333969,
        "narHash": "sha256-5PiWGn10DQjMZee5NXzeA6ccsv60iLu+Xtw+mfvkUAs=",
        "owner": "nixos",
        "repo": "nixpkgs",
        "rev": "57e6b3a9e4ebec5aa121188301f04a6b8c354c9b",
        "type": "github"
      },
      "original": {
        "owner": "nixos",
        "ref": "nixos-unstable",
        "repo": "nixpkgs",
        "type": "github"
      }
    },
    "nixpkgs_2": {
      "locked": {
        "lastModified": 1716542732,
        "narHash": "sha256-0Y9fRr0CUqWT4KgBITmaGwlnNIGMYuydu2L8iLTfHU4=",
        "owner": "NixOS",
        "repo": "nixpkgs",
        "rev": "d12251ef6e8e6a46e05689eeccd595bdbd3c9e60",
        "type": "github"
      },
      "original": {
        "owner": "NixOS",
        "ref": "nixos-24.05",
        "repo": "nixpkgs",
        "type": "github"
      }
    },
    "root": {
      "inputs": {
        "home-manager-l211008a": "home-manager-l211008a",
        "home-manager-l231028a": "home-manager-l231028a",
        "nixpkgs-for-doublecmd-l211008a": "nixpkgs-for-doublecmd-l211008a",
        "nixpkgs-for-doublecmd-l231028a": "nixpkgs-for-doublecmd-l231028a",
        "nixpkgs-for-lib": "nixpkgs-for-lib",
        "nixpkgs-for-nixos-l211008a": "nixpkgs-for-nixos-l211008a",
        "nixpkgs-for-nixos-l231028a": "nixpkgs-for-nixos-l231028a",
        "nixpkgs-for-rider-l211008a": "nixpkgs-for-rider-l211008a",
        "nixpkgs-for-rider-l231028a": "nixpkgs-for-rider-l231028a",
        "nixpkgs-from-stable-l211008a": "nixpkgs-from-stable-l211008a",
        "nixpkgs-from-stable-l231028a": "nixpkgs-from-stable-l231028a",
        "nixpkgs-from-unstable-l211008a": "nixpkgs-from-unstable-l211008a",
        "nixpkgs-from-unstable-l231028a": "nixpkgs-from-unstable-l231028a"
      }
    }
  },
  "root": "root",
  "version": 7
}
